
Microsoft Visual Studio Solution File, Format Version 12.00
# Visual Studio 15
VisualStudioVersion = 15.0.28307.271
MinimumVisualStudioVersion = 10.0.40219.1
Project("{FAE04EC0-301F-11D3-BF4B-00C04F79EFBC}") = "Console", "Console\Console.csproj", "{5B959CC8-9F58-42EE-B62A-62495FF3CE65}"
EndProject
Project("{FAE04EC0-301F-11D3-BF4B-00C04F79EFBC}") = "ActionHook", "ActionHook\ActionHook.csproj", "{3FE36EF6-D2DF-4C09-9263-487058A6A823}"
EndProject
Project("{FAE04EC0-301F-11D3-BF4B-00C04F79EFBC}") = "GUI", "GUI\GUI.csproj", "{B782E0A2-CC71-4A1F-9DD3-4B31BC253234}"
	ProjectSection(ProjectDependencies) = postProject
		{5B959CC8-9F58-42EE-B62A-62495FF3CE65} = {5B959CC8-9F58-42EE-B62A-62495FF3CE65}
	EndProjectSection
EndProject
Global
	GlobalSection(SolutionConfigurationPlatforms) = preSolution
		Debug|Any CPU = Debug|Any CPU
		Debug|x64 = Debug|x64
		Debug|x86 = Debug|x86
		Release|Any CPU = Release|Any CPU
		Release|x64 = Release|x64
		Release|x86 = Release|x86
	EndGlobalSection
	GlobalSection(ProjectConfigurationPlatforms) = postSolution
		{5B959CC8-9F58-42EE-B62A-62495FF3CE65}.Debug|Any CPU.ActiveCfg = Debug|Any CPU
		{5B959CC8-9F58-42EE-B62A-62495FF3CE65}.Debug|Any CPU.Build.0 = Debug|Any CPU
		{5B959CC8-9F58-42EE-B62A-62495FF3CE65}.Debug|x64.ActiveCfg = Debug|Any CPU
		{5B959CC8-9F58-42EE-B62A-62495FF3CE65}.Debug|x64.Build.0 = Debug|Any CPU
		{5B959CC8-9F58-42EE-B62A-62495FF3CE65}.Debug|x86.ActiveCfg = Debug|Any CPU
		{5B959CC8-9F58-42EE-B62A-62495FF3CE65}.Debug|x86.Build.0 = Debug|Any CPU
		{5B959CC8-9F58-42EE-B62A-62495FF3CE65}.Release|Any CPU.ActiveCfg = Release|Any CPU
		{5B959CC8-9F58-42EE-B62A-62495FF3CE65}.Release|Any CPU.Build.0 = Release|Any CPU
		{5B959CC8-9F58-42EE-B62A-62495FF3CE65}.Release|x64.ActiveCfg = Release|Any CPU
		{5B959CC8-9F58-42EE-B62A-62495FF3CE65}.Release|x64.Build.0 = Release|Any CPU
		{5B959CC8-9F58-42EE-B62A-62495FF3CE65}.Release|x86.ActiveCfg = Release|Any CPU
		{5B959CC8-9F58-42EE-B62A-62495FF3CE65}.Release|x86.Build.0 = Release|Any CPU
		{3FE36EF6-D2DF-4C09-9263-487058A6A823}.Debug|Any CPU.ActiveCfg = Debug|Any CPU
		{3FE36EF6-D2DF-4C09-9263-487058A6A823}.Debug|Any CPU.Build.0 = Debug|Any CPU
		{3FE36EF6-D2DF-4C09-9263-487058A6A823}.Debug|x64.ActiveCfg = Debug|Any CPU
		{3FE36EF6-D2DF-4C09-9263-487058A6A823}.Debug|x64.Build.0 = Debug|Any CPU
		{3FE36EF6-D2DF-4C09-9263-487058A6A823}.Debug|x86.ActiveCfg = Debug|Any CPU
		{3FE36EF6-D2DF-4C09-9263-487058A6A823}.Debug|x86.Build.0 = Debug|Any CPU
		{3FE36EF6-D2DF-4C09-9263-487058A6A823}.Release|Any CPU.ActiveCfg = Release|Any CPU
		{3FE36EF6-D2DF-4C09-9263-487058A6A823}.Release|Any CPU.Build.0 = Release|Any CPU
		{3FE36EF6-D2DF-4C09-9263-487058A6A823}.Release|x64.ActiveCfg = Release|Any CPU
		{3FE36EF6-D2DF-4C09-9263-487058A6A823}.Release|x64.Build.0 = Release|Any CPU
		{3FE36EF6-D2DF-4C09-9263-487058A6A823}.Release|x86.ActiveCfg = Release|Any CPU
		{3FE36EF6-D2DF-4C09-9263-487058A6A823}.Release|x86.Build.0 = Release|Any CPU
		{B782E0A2-CC71-4A1F-9DD3-4B31BC253234}.Debug|Any CPU.ActiveCfg = Debug|Any CPU
		{B782E0A2-CC71-4A1F-9DD3-4B31BC253234}.Debug|Any CPU.Build.0 = Debug|Any CPU
		{B782E0A2-CC71-4A1F-9DD3-4B31BC253234}.Debug|x64.ActiveCfg = Debug|Any CPU
		{B782E0A2-CC71-4A1F-9DD3-4B31BC253234}.Debug|x64.Build.0 = Debug|Any CPU
		{B782E0A2-CC71-4A1F-9DD3-4B31BC253234}.Debug|x86.ActiveCfg = Debug|Any CPU
		{B782E0A2-CC71-4A1F-9DD3-4B31BC253234}.Debug|x86.Build.0 = Debug|Any CPU
		{B782E0A2-CC71-4A1F-9DD3-4B31BC253234}.Release|Any CPU.ActiveCfg = Release|Any CPU
		{B782E0A2-CC71-4A1F-9DD3-4B31BC253234}.Release|Any CPU.Build.0 = Release|Any CPU
		{B782E0A2-CC71-4A1F-9DD3-4B31BC253234}.Release|x64.ActiveCfg = Release|Any CPU
		{B782E0A2-CC71-4A1F-9DD3-4B31BC253234}.Release|x64.Build.0 = Release|Any CPU
		{B782E0A2-CC71-4A1F-9DD3-4B31BC253234}.Release|x86.ActiveCfg = Release|Any CPU
		{B782E0A2-CC71-4A1F-9DD3-4B31BC253234}.Release|x86.Build.0 = Release|Any CPU
	EndGlobalSection
	GlobalSection(SolutionProperties) = preSolution
		HideSolutionNode = FALSE
	EndGlobalSection
	GlobalSection(ExtensibilityGlobals) = postSolution
		SolutionGuid = {C0F344CD-1C92-47BD-835B-2F5A4041F857}
	EndGlobalSection
EndGlobal
